
Microsoft Visual Studio Solution File, Format Version 12.00
# Visual Studio Version 16
VisualStudioVersion = 16.0.32929.386
MinimumVisualStudioVersion = 10.0.40219.1
Project("{FAE04EC0-301F-11D3-BF4B-00C04F79EFBC}") = "WSCollectrApp", "WSCollectrApp\WSCollectrApp.csproj", "{8171F7B8-F1B6-4C1F-A22A-93848BC5CB95}"
EndProject
Global
	GlobalSection(SolutionConfigurationPlatforms) = preSolution
		Debug|Any CPU = Debug|Any CPU
		Release|Any CPU = Release|Any CPU
	EndGlobalSection
	GlobalSection(ProjectConfigurationPlatforms) = postSolution
		{8171F7B8-F1B6-4C1F-A22A-93848BC5CB95}.Debug|Any CPU.ActiveCfg = Debug|Any CPU
		{8171F7B8-F1B6-4C1F-A22A-93848BC5CB95}.Debug|Any CPU.Build.0 = Debug|Any CPU
		{8171F7B8-F1B6-4C1F-A22A-93848BC5CB95}.Release|Any CPU.ActiveCfg = Release|Any CPU
		{8171F7B8-F1B6-4C1F-A22A-93848BC5CB95}.Release|Any CPU.Build.0 = Release|Any CPU
	EndGlobalSection
	GlobalSection(SolutionProperties) = preSolution
		HideSolutionNode = FALSE
	EndGlobalSection
	GlobalSection(ExtensibilityGlobals) = postSolution
		SolutionGuid = {B949E3D1-C765-41A4-8343-A3E29AF5F8D5}
	EndGlobalSection
EndGlobal
